
Microsoft Visual Studio Solution File, Format Version 12.00
# Visual Studio Version 17
VisualStudioVersion = 17.0.31903.59
MinimumVisualStudioVersion = 10.0.40219.1
Project("{FAE04EC0-301F-11D3-BF4B-00C04F79EFBC}") = "TimesheetApp", "TimesheetApp\TimesheetApp.csproj", "{E81B49DE-8EF4-42BC-86DF-633B910A2E54}"
EndProject
Project("{FAE04EC0-301F-11D3-BF4B-00C04F79EFBC}") = "TimesheetApp.Tests", "TimesheetApp.Tests\TimesheetApp.Tests.csproj", "{7EA1344F-5C91-47EB-BF4E-609A3ECA1D74}"
EndProject
Project("{FAE04EC0-301F-11D3-BF4B-00C04F79EFBC}") = "Timesheet.Models", "Timesheet.Models\Timesheet.Models.csproj", "{3800347F-8AD4-47A5-9C72-254129AB9A24}"
EndProject
Global
	GlobalSection(SolutionConfigurationPlatforms) = preSolution
		Debug|Any CPU = Debug|Any CPU
		Release|Any CPU = Release|Any CPU
	EndGlobalSection
	GlobalSection(SolutionProperties) = preSolution
		HideSolutionNode = FALSE
	EndGlobalSection
	GlobalSection(ProjectConfigurationPlatforms) = postSolution
		{E81B49DE-8EF4-42BC-86DF-633B910A2E54}.Debug|Any CPU.ActiveCfg = Debug|Any CPU
		{E81B49DE-8EF4-42BC-86DF-633B910A2E54}.Debug|Any CPU.Build.0 = Debug|Any CPU
		{E81B49DE-8EF4-42BC-86DF-633B910A2E54}.Release|Any CPU.ActiveCfg = Release|Any CPU
		{E81B49DE-8EF4-42BC-86DF-633B910A2E54}.Release|Any CPU.Build.0 = Release|Any CPU
		{7EA1344F-5C91-47EB-BF4E-609A3ECA1D74}.Debug|Any CPU.ActiveCfg = Debug|Any CPU
		{7EA1344F-5C91-47EB-BF4E-609A3ECA1D74}.Debug|Any CPU.Build.0 = Debug|Any CPU
		{7EA1344F-5C91-47EB-BF4E-609A3ECA1D74}.Release|Any CPU.ActiveCfg = Release|Any CPU
		{7EA1344F-5C91-47EB-BF4E-609A3ECA1D74}.Release|Any CPU.Build.0 = Release|Any CPU
		{3800347F-8AD4-47A5-9C72-254129AB9A24}.Debug|Any CPU.ActiveCfg = Debug|Any CPU
		{3800347F-8AD4-47A5-9C72-254129AB9A24}.Debug|Any CPU.Build.0 = Debug|Any CPU
		{3800347F-8AD4-47A5-9C72-254129AB9A24}.Release|Any CPU.ActiveCfg = Release|Any CPU
		{3800347F-8AD4-47A5-9C72-254129AB9A24}.Release|Any CPU.Build.0 = Release|Any CPU
	EndGlobalSection
EndGlobal
